{
	"name": "discord-cli",
	"version": "1.0.0",
	"lockfileVersion": 3,
	"requires": true,
	"packages": {
		"": {
			"name": "discord-cli",
			"version": "1.0.0",
			"license": "ISC",
			"dependencies": {
				"@discordjs/rest": "2.4.0",
				"console-log-colors": "^0.5.0",
				"discord-api-types": "^0.37.99"
			},
			"devDependencies": {
				"@biomejs/biome": "1.8.3",
				"@types/node": "^18.19.30",
				"globals": "^15.9.0",
				"typescript": "^5.4.4"
			}
		},
		"node_modules/@biomejs/biome": {
			"version": "1.8.3",
			"resolved": "https://registry.npmjs.org/@biomejs/biome/-/biome-1.8.3.tgz",
			"integrity": "sha512-/uUV3MV+vyAczO+vKrPdOW0Iaet7UnJMU4bNMinggGJTAnBPjCoLEYcyYtYHNnUNYlv4xZMH6hVIQCAozq8d5w==",
			"dev": true,
			"hasInstallScript": true,
			"license": "MIT OR Apache-2.0",
			"bin": {
				"biome": "bin/biome"
			},
			"engines": {
				"node": ">=14.21.3"
			},
			"funding": {
				"type": "opencollective",
				"url": "https://opencollective.com/biome"
			},
			"optionalDependencies": {
				"@biomejs/cli-darwin-arm64": "1.8.3",
				"@biomejs/cli-darwin-x64": "1.8.3",
				"@biomejs/cli-linux-arm64": "1.8.3",
				"@biomejs/cli-linux-arm64-musl": "1.8.3",
				"@biomejs/cli-linux-x64": "1.8.3",
				"@biomejs/cli-linux-x64-musl": "1.8.3",
				"@biomejs/cli-win32-arm64": "1.8.3",
				"@biomejs/cli-win32-x64": "1.8.3"
			}
		},
		"node_modules/@biomejs/cli-darwin-arm64": {
			"version": "1.8.3",
			"resolved": "https://registry.npmjs.org/@biomejs/cli-darwin-arm64/-/cli-darwin-arm64-1.8.3.tgz",
			"integrity": "sha512-9DYOjclFpKrH/m1Oz75SSExR8VKvNSSsLnVIqdnKexj6NwmiMlKk94Wa1kZEdv6MCOHGHgyyoV57Cw8WzL5n3A==",
			"cpu": [
				"arm64"
			],
			"dev": true,
			"license": "MIT OR Apache-2.0",
			"optional": true,
			"os": [
				"darwin"
			],
			"engines": {
				"node": ">=14.21.3"
			}
		},
		"node_modules/@biomejs/cli-darwin-x64": {
			"version": "1.8.3",
			"resolved": "https://registry.npmjs.org/@biomejs/cli-darwin-x64/-/cli-darwin-x64-1.8.3.tgz",
			"integrity": "sha512-UeW44L/AtbmOF7KXLCoM+9PSgPo0IDcyEUfIoOXYeANaNXXf9mLUwV1GeF2OWjyic5zj6CnAJ9uzk2LT3v/wAw==",
			"cpu": [
				"x64"
			],
			"dev": true,
			"license": "MIT OR Apache-2.0",
			"optional": true,
			"os": [
				"darwin"
			],
			"engines": {
				"node": ">=14.21.3"
			}
		},
		"node_modules/@biomejs/cli-linux-arm64": {
			"version": "1.8.3",
			"resolved": "https://registry.npmjs.org/@biomejs/cli-linux-arm64/-/cli-linux-arm64-1.8.3.tgz",
			"integrity": "sha512-fed2ji8s+I/m8upWpTJGanqiJ0rnlHOK3DdxsyVLZQ8ClY6qLuPc9uehCREBifRJLl/iJyQpHIRufLDeotsPtw==",
			"cpu": [
				"arm64"
			],
			"dev": true,
			"license": "MIT OR Apache-2.0",
			"optional": true,
			"os": [
				"linux"
			],
			"engines": {
				"node": ">=14.21.3"
			}
		},
		"node_modules/@biomejs/cli-linux-arm64-musl": {
			"version": "1.8.3",
			"resolved": "https://registry.npmjs.org/@biomejs/cli-linux-arm64-musl/-/cli-linux-arm64-musl-1.8.3.tgz",
			"integrity": "sha512-9yjUfOFN7wrYsXt/T/gEWfvVxKlnh3yBpnScw98IF+oOeCYb5/b/+K7YNqKROV2i1DlMjg9g/EcN9wvj+NkMuQ==",
			"cpu": [
				"arm64"
			],
			"dev": true,
			"license": "MIT OR Apache-2.0",
			"optional": true,
			"os": [
				"linux"
			],
			"engines": {
				"node": ">=14.21.3"
			}
		},
		"node_modules/@biomejs/cli-linux-x64": {
			"version": "1.8.3",
			"resolved": "https://registry.npmjs.org/@biomejs/cli-linux-x64/-/cli-linux-x64-1.8.3.tgz",
			"integrity": "sha512-I8G2QmuE1teISyT8ie1HXsjFRz9L1m5n83U1O6m30Kw+kPMPSKjag6QGUn+sXT8V+XWIZxFFBoTDEDZW2KPDDw==",
			"cpu": [
				"x64"
			],
			"dev": true,
			"license": "MIT OR Apache-2.0",
			"optional": true,
			"os": [
				"linux"
			],
			"engines": {
				"node": ">=14.21.3"
			}
		},
		"node_modules/@biomejs/cli-linux-x64-musl": {
			"version": "1.8.3",
			"resolved": "https://registry.npmjs.org/@biomejs/cli-linux-x64-musl/-/cli-linux-x64-musl-1.8.3.tgz",
			"integrity": "sha512-UHrGJX7PrKMKzPGoEsooKC9jXJMa28TUSMjcIlbDnIO4EAavCoVmNQaIuUSH0Ls2mpGMwUIf+aZJv657zfWWjA==",
			"cpu": [
				"x64"
			],
			"dev": true,
			"license": "MIT OR Apache-2.0",
			"optional": true,
			"os": [
				"linux"
			],
			"engines": {
				"node": ">=14.21.3"
			}
		},
		"node_modules/@biomejs/cli-win32-arm64": {
			"version": "1.8.3",
			"resolved": "https://registry.npmjs.org/@biomejs/cli-win32-arm64/-/cli-win32-arm64-1.8.3.tgz",
			"integrity": "sha512-J+Hu9WvrBevfy06eU1Na0lpc7uR9tibm9maHynLIoAjLZpQU3IW+OKHUtyL8p6/3pT2Ju5t5emReeIS2SAxhkQ==",
			"cpu": [
				"arm64"
			],
			"dev": true,
			"license": "MIT OR Apache-2.0",
			"optional": true,
			"os": [
				"win32"
			],
			"engines": {
				"node": ">=14.21.3"
			}
		},
		"node_modules/@biomejs/cli-win32-x64": {
			"version": "1.8.3",
			"resolved": "https://registry.npmjs.org/@biomejs/cli-win32-x64/-/cli-win32-x64-1.8.3.tgz",
			"integrity": "sha512-/PJ59vA1pnQeKahemaQf4Nyj7IKUvGQSc3Ze1uIGi+Wvr1xF7rGobSrAAG01T/gUDG21vkDsZYM03NAmPiVkqg==",
			"cpu": [
				"x64"
			],
			"dev": true,
			"license": "MIT OR Apache-2.0",
			"optional": true,
			"os": [
				"win32"
			],
			"engines": {
				"node": ">=14.21.3"
			}
		},
		"node_modules/@discordjs/collection": {
			"version": "2.1.1",
			"resolved": "https://registry.npmjs.org/@discordjs/collection/-/collection-2.1.1.tgz",
			"integrity": "sha512-LiSusze9Tc7qF03sLCujF5iZp7K+vRNEDBZ86FT9aQAv3vxMLihUvKvpsCWiQ2DJq1tVckopKm1rxomgNUc9hg==",
			"license": "Apache-2.0",
			"engines": {
				"node": ">=18"
			},
			"funding": {
				"url": "https://github.com/discordjs/discord.js?sponsor"
			}
		},
		"node_modules/@discordjs/rest": {
			"version": "2.4.0",
			"resolved": "https://registry.npmjs.org/@discordjs/rest/-/rest-2.4.0.tgz",
			"integrity": "sha512-Xb2irDqNcq+O8F0/k/NaDp7+t091p+acb51iA4bCKfIn+WFWd6HrNvcsSbMMxIR9NjcMZS6NReTKygqiQN+ntw==",
			"license": "Apache-2.0",
			"dependencies": {
				"@discordjs/collection": "^2.1.1",
				"@discordjs/util": "^1.1.1",
				"@sapphire/async-queue": "^1.5.3",
				"@sapphire/snowflake": "^3.5.3",
				"@vladfrangu/async_event_emitter": "^2.4.6",
				"discord-api-types": "0.37.97",
				"magic-bytes.js": "^1.10.0",
				"tslib": "^2.6.3",
				"undici": "6.19.8"
			},
			"engines": {
				"node": ">=18"
			},
			"funding": {
				"url": "https://github.com/discordjs/discord.js?sponsor"
			}
		},
		"node_modules/@discordjs/rest/node_modules/discord-api-types": {
			"version": "0.37.97",
			"resolved": "https://registry.npmjs.org/discord-api-types/-/discord-api-types-0.37.97.tgz",
			"integrity": "sha512-No1BXPcVkyVD4ZVmbNgDKaBoqgeQ+FJpzZ8wqHkfmBnTZig1FcH3iPPersiK1TUIAzgClh2IvOuVUYfcWLQAOA==",
			"license": "MIT"
		},
		"node_modules/@discordjs/util": {
			"version": "1.1.1",
			"resolved": "https://registry.npmjs.org/@discordjs/util/-/util-1.1.1.tgz",
			"integrity": "sha512-eddz6UnOBEB1oITPinyrB2Pttej49M9FZQY8NxgEvc3tq6ZICZ19m70RsmzRdDHk80O9NoYN/25AqJl8vPVf/g==",
			"license": "Apache-2.0",
			"engines": {
				"node": ">=18"
			},
			"funding": {
				"url": "https://github.com/discordjs/discord.js?sponsor"
			}
		},
		"node_modules/@sapphire/async-queue": {
			"version": "1.5.3",
			"resolved": "https://registry.npmjs.org/@sapphire/async-queue/-/async-queue-1.5.3.tgz",
			"integrity": "sha512-x7zadcfJGxFka1Q3f8gCts1F0xMwCKbZweM85xECGI0hBTeIZJGGCrHgLggihBoprlQ/hBmDR5LKfIPqnmHM3w==",
			"license": "MIT",
			"engines": {
				"node": ">=v14.0.0",
				"npm": ">=7.0.0"
			}
		},
		"node_modules/@sapphire/snowflake": {
			"version": "3.5.3",
			"resolved": "https://registry.npmjs.org/@sapphire/snowflake/-/snowflake-3.5.3.tgz",
			"integrity": "sha512-jjmJywLAFoWeBi1W7994zZyiNWPIiqRRNAmSERxyg93xRGzNYvGjlZ0gR6x0F4gPRi2+0O6S71kOZYyr3cxaIQ==",
			"license": "MIT",
			"engines": {
				"node": ">=v14.0.0",
				"npm": ">=7.0.0"
			}
		},
		"node_modules/@types/node": {
			"version": "18.19.48",
			"resolved": "https://registry.npmjs.org/@types/node/-/node-18.19.48.tgz",
			"integrity": "sha512-7WevbG4ekUcRQSZzOwxWgi5dZmTak7FaxXDoW7xVxPBmKx1rTzfmRLkeCgJzcbBnOV2dkhAPc8cCeT6agocpjg==",
			"dev": true,
			"license": "MIT",
			"dependencies": {
				"undici-types": "~5.26.4"
			}
		},
		"node_modules/@vladfrangu/async_event_emitter": {
			"version": "2.4.6",
			"resolved": "https://registry.npmjs.org/@vladfrangu/async_event_emitter/-/async_event_emitter-2.4.6.tgz",
			"integrity": "sha512-RaI5qZo6D2CVS6sTHFKg1v5Ohq/+Bo2LZ5gzUEwZ/WkHhwtGTCB/sVLw8ijOkAUxasZ+WshN/Rzj4ywsABJ5ZA==",
			"license": "MIT",
			"engines": {
				"node": ">=v14.0.0",
				"npm": ">=7.0.0"
			}
		},
		"node_modules/console-log-colors": {
			"version": "0.5.0",
			"resolved": "https://registry.npmjs.org/console-log-colors/-/console-log-colors-0.5.0.tgz",
			"integrity": "sha512-ixjGY06zMLCnNXeBdDKL6GuS1+/yQ1GorbZ9YsptP6jDgLqk/bBdQ5cTQvVveKUbO8Th6zwIhY8yRwhrpjXk6g==",
			"license": "MIT",
			"engines": {
				"node": ">= 4.1.0"
			}
		},
		"node_modules/discord-api-types": {
			"version": "0.37.99",
			"resolved": "https://registry.npmjs.org/discord-api-types/-/discord-api-types-0.37.99.tgz",
			"integrity": "sha512-aQtiAeLF1RHh8iYC2manEQQwsCjeDTA/Y+vhL7TRcRu+8z8nKTd5fGquDG7nbBqOkw0zU3YsZBO5evHx240VVw==",
			"license": "MIT"
		},
		"node_modules/globals": {
			"version": "15.9.0",
			"resolved": "https://registry.npmjs.org/globals/-/globals-15.9.0.tgz",
			"integrity": "sha512-SmSKyLLKFbSr6rptvP8izbyxJL4ILwqO9Jg23UA0sDlGlu58V59D1//I3vlc0KJphVdUR7vMjHIplYnzBxorQA==",
			"dev": true,
			"license": "MIT",
			"engines": {
				"node": ">=18"
			},
			"funding": {
				"url": "https://github.com/sponsors/sindresorhus"
			}
		},
		"node_modules/magic-bytes.js": {
			"version": "1.10.0",
			"resolved": "https://registry.npmjs.org/magic-bytes.js/-/magic-bytes.js-1.10.0.tgz",
			"integrity": "sha512-/k20Lg2q8LE5xiaaSkMXk4sfvI+9EGEykFS4b0CHHGWqDYU0bGUFSwchNOMA56D7TCs9GwVTkqe9als1/ns8UQ==",
			"license": "MIT"
		},
		"node_modules/tslib": {
			"version": "2.7.0",
			"resolved": "https://registry.npmjs.org/tslib/-/tslib-2.7.0.tgz",
			"integrity": "sha512-gLXCKdN1/j47AiHiOkJN69hJmcbGTHI0ImLmbYLHykhgeN0jVGola9yVjFgzCUklsZQMW55o+dW7IXv3RCXDzA==",
			"license": "0BSD"
		},
		"node_modules/typescript": {
			"version": "5.5.4",
			"resolved": "https://registry.npmjs.org/typescript/-/typescript-5.5.4.tgz",
			"integrity": "sha512-Mtq29sKDAEYP7aljRgtPOpTvOfbwRWlS6dPRzwjdE+C0R4brX/GUyhHSecbHMFLNBLcJIPt9nl9yG5TZ1weH+Q==",
			"dev": true,
			"license": "Apache-2.0",
			"bin": {
				"tsc": "bin/tsc",
				"tsserver": "bin/tsserver"
			},
			"engines": {
				"node": ">=14.17"
			}
		},
		"node_modules/undici": {
			"version": "6.19.8",
			"resolved": "https://registry.npmjs.org/undici/-/undici-6.19.8.tgz",
			"integrity": "sha512-U8uCCl2x9TK3WANvmBavymRzxbfFYG+tAu+fgx3zxQy3qdagQqBLwJVrdyO1TBfUXvfKveMKJZhpvUYoOjM+4g==",
			"license": "MIT",
			"engines": {
				"node": ">=18.17"
			}
		},
		"node_modules/undici-types": {
			"version": "5.26.5",
			"resolved": "https://registry.npmjs.org/undici-types/-/undici-types-5.26.5.tgz",
			"integrity": "sha512-JlCMO+ehdEIKqlFxk6IfVoAUVmgz7cU7zD/h9XZ0qzeosSHmUJVOzSQvvYSYWXkFXC+IfLKSIffhv0sVZup6pA==",
			"dev": true,
			"license": "MIT"
		}
	}
}
